
Microsoft Visual Studio Solution File, Format Version 12.00
# Visual Studio Version 16
VisualStudioVersion = 16.0.30611.23
MinimumVisualStudioVersion = 10.0.40219.1
Project("{FAE04EC0-301F-11D3-BF4B-00C04F79EFBC}") = "EntityFrameworkCoreTask", "EntityFrameworkCoreTask\EntityFrameworkCoreTask.csproj", "{BC57FBA1-A480-4DD6-97D7-C526E8DB0EC2}"
EndProject
Global
	GlobalSection(SolutionConfigurationPlatforms) = preSolution
		Debug|Any CPU = Debug|Any CPU
		Release|Any CPU = Release|Any CPU
	EndGlobalSection
	GlobalSection(ProjectConfigurationPlatforms) = postSolution
		{BC57FBA1-A480-4DD6-97D7-C526E8DB0EC2}.Debug|Any CPU.ActiveCfg = Debug|Any CPU
		{BC57FBA1-A480-4DD6-97D7-C526E8DB0EC2}.Debug|Any CPU.Build.0 = Debug|Any CPU
		{BC57FBA1-A480-4DD6-97D7-C526E8DB0EC2}.Release|Any CPU.ActiveCfg = Release|Any CPU
		{BC57FBA1-A480-4DD6-97D7-C526E8DB0EC2}.Release|Any CPU.Build.0 = Release|Any CPU
	EndGlobalSection
	GlobalSection(SolutionProperties) = preSolution
		HideSolutionNode = FALSE
	EndGlobalSection
	GlobalSection(ExtensibilityGlobals) = postSolution
		SolutionGuid = {BC0C080E-319F-427A-8694-A6BEAB50DA18}
	EndGlobalSection
EndGlobal
